{
  "version": 4,
  "terraform_version": "1.7.5",
  "serial": 37,
  "lineage": "39fc7c52-5ef4-c26e-3c89-b6a2ff757b14",
  "outputs": {
    "kubernetes_cluster_host": {
      "value": "35.247.73.146",
      "type": "string"
    },
    "kubernetes_cluster_name": {
      "value": "peteys-k8bouttagobrr-gke",
      "type": "string"
    },
    "project_id": {
      "value": "k8bouttagobrr",
      "type": "string"
    },
    "region": {
      "value": "us-west1",
      "type": "string"
    }
  },
  "resources": [
    {
      "mode": "data",
      "type": "google_container_engine_versions",
      "name": "gke_version",
      "provider": "provider[\"registry.terraform.io/hashicorp/google\"]",
      "instances": [
        {
          "schema_version": 0,
          "attributes": {
            "default_cluster_version": "1.27.8-gke.1067004",
            "id": "2024-04-16 23:21:33.933917968 +0000 UTC",
            "latest_master_version": "1.27.12-gke.1115000",
            "latest_node_version": "1.27.12-gke.1115000",
            "location": "us-west1",
            "project": null,
            "release_channel_default_version": {
              "RAPID": "1.29.1-gke.1589017",
              "REGULAR": "1.27.8-gke.1067004",
              "STABLE": "1.27.8-gke.1067004"
            },
            "release_channel_latest_version": {
              "RAPID": "1.27.12-gke.1115000",
              "REGULAR": "1.27.11-gke.1062000",
              "STABLE": "1.27.8-gke.1067004"
            },
            "valid_master_versions": [
              "1.27.12-gke.1115000",
              "1.27.11-gke.1202000",
              "1.27.11-gke.1118000",
              "1.27.11-gke.1062000",
              "1.27.10-gke.1055000",
              "1.27.8-gke.1067004",
              "1.27.7-gke.1121002",
              "1.27.3-gke.100"
            ],
            "valid_node_versions": [
              "1.27.12-gke.1115000",
              "1.27.11-gke.1202000",
              "1.27.11-gke.1118000",
              "1.27.11-gke.1062000",
              "1.27.11-gke.1018000",
              "1.27.10-gke.1207000",
              "1.27.10-gke.1152000",
              "1.27.10-gke.1055000",
              "1.27.9-gke.1092000",
              "1.27.8-gke.1067004",
              "1.27.8-gke.1067000",
              "1.27.7-gke.1293000",
              "1.27.7-gke.1121002",
              "1.27.7-gke.1121000",
              "1.27.7-gke.1088000",
              "1.27.7-gke.1056000",
              "1.27.7-gke.1038000",
              "1.27.6-gke.1506000",
              "1.27.6-gke.1445000",
              "1.27.6-gke.1248000",
              "1.27.5-gke.200",
              "1.27.4-gke.900",
              "1.27.3-gke.1700",
              "1.27.3-gke.100",
              "1.27.2-gke.2100",
              "1.27.2-gke.1200"
            ],
            "version_prefix": "1.27."
          },
          "sensitive_attributes": []
        }
      ]
    },
    {
      "mode": "managed",
      "type": "google_compute_network",
      "name": "vpc",
      "provider": "provider[\"registry.terraform.io/hashicorp/google\"]",
      "instances": [
        {
          "schema_version": 0,
          "attributes": {
            "auto_create_subnetworks": false,
            "delete_default_routes_on_create": false,
            "description": "",
            "enable_ula_internal_ipv6": false,
            "gateway_ipv4": "",
            "id": "projects/k8bouttagobrr/global/networks/k8bouttagobrr-vpc",
            "internal_ipv6_range": "",
            "mtu": 0,
            "name": "k8bouttagobrr-vpc",
            "network_firewall_policy_enforcement_order": "AFTER_CLASSIC_FIREWALL",
            "project": "k8bouttagobrr",
            "routing_mode": "REGIONAL",
            "self_link": "https://www.googleapis.com/compute/v1/projects/k8bouttagobrr/global/networks/k8bouttagobrr-vpc",
            "timeouts": null
          },
          "sensitive_attributes": [],
          "private": "eyJlMmJmYjczMC1lY2FhLTExZTYtOGY4OC0zNDM2M2JjN2M0YzAiOnsiY3JlYXRlIjoxMjAwMDAwMDAwMDAwLCJkZWxldGUiOjEyMDAwMDAwMDAwMDAsInVwZGF0ZSI6MTIwMDAwMDAwMDAwMH19"
        }
      ]
    },
    {
      "mode": "managed",
      "type": "google_compute_subnetwork",
      "name": "subnet",
      "provider": "provider[\"registry.terraform.io/hashicorp/google\"]",
      "instances": [
        {
          "schema_version": 0,
          "attributes": {
            "creation_timestamp": "2024-04-16T16:21:38.704-07:00",
            "description": "",
            "external_ipv6_prefix": "",
            "fingerprint": null,
            "gateway_address": "10.10.0.1",
            "id": "projects/k8bouttagobrr/regions/us-west1/subnetworks/k8bouttagobrr-subnet",
            "ip_cidr_range": "10.10.0.0/24",
            "ipv6_access_type": "",
            "ipv6_cidr_range": "",
            "log_config": [],
            "name": "k8bouttagobrr-subnet",
            "network": "https://www.googleapis.com/compute/v1/projects/k8bouttagobrr/global/networks/k8bouttagobrr-vpc",
            "private_ip_google_access": false,
            "private_ipv6_google_access": "DISABLE_GOOGLE_ACCESS",
            "project": "k8bouttagobrr",
            "purpose": "PRIVATE",
            "region": "us-west1",
            "role": "",
            "secondary_ip_range": [],
            "self_link": "https://www.googleapis.com/compute/v1/projects/k8bouttagobrr/regions/us-west1/subnetworks/k8bouttagobrr-subnet",
            "stack_type": "IPV4_ONLY",
            "timeouts": null
          },
          "sensitive_attributes": [],
          "private": "eyJlMmJmYjczMC1lY2FhLTExZTYtOGY4OC0zNDM2M2JjN2M0YzAiOnsiY3JlYXRlIjoxMjAwMDAwMDAwMDAwLCJkZWxldGUiOjEyMDAwMDAwMDAwMDAsInVwZGF0ZSI6MTIwMDAwMDAwMDAwMH19",
          "dependencies": [
            "google_compute_network.vpc"
          ]
        }
      ]
    },
    {
      "mode": "managed",
      "type": "google_container_cluster",
      "name": "primary",
      "provider": "provider[\"registry.terraform.io/hashicorp/google\"]",
      "instances": [
        {
          "schema_version": 1,
          "attributes": {
            "addons_config": [
              {
                "cloudrun_config": [],
                "config_connector_config": [],
                "dns_cache_config": [],
                "gce_persistent_disk_csi_driver_config": [
                  {
                    "enabled": true
                  }
                ],
                "gcp_filestore_csi_driver_config": [],
                "gke_backup_agent_config": [],
                "horizontal_pod_autoscaling": [],
                "http_load_balancing": [],
                "network_policy_config": [
                  {
                    "disabled": true
                  }
                ]
              }
            ],
            "authenticator_groups_config": [],
            "binary_authorization": [
              {
                "enabled": false,
                "evaluation_mode": ""
              }
            ],
            "cluster_autoscaling": [
              {
                "auto_provisioning_defaults": [],
                "enabled": false,
                "resource_limits": []
              }
            ],
            "cluster_ipv4_cidr": "10.20.0.0/14",
            "confidential_nodes": [],
            "cost_management_config": [],
            "database_encryption": [
              {
                "key_name": "",
                "state": "DECRYPTED"
              }
            ],
            "datapath_provider": "",
            "default_max_pods_per_node": null,
            "default_snat_status": [
              {
                "disabled": false
              }
            ],
            "description": "",
            "dns_config": [],
            "enable_autopilot": false,
            "enable_binary_authorization": false,
            "enable_intranode_visibility": false,
            "enable_kubernetes_alpha": false,
            "enable_l4_ilb_subsetting": false,
            "enable_legacy_abac": false,
            "enable_shielded_nodes": true,
            "enable_tpu": false,
            "endpoint": "35.247.73.146",
            "gateway_api_config": [],
            "id": "projects/k8bouttagobrr/locations/us-west1/clusters/peteys-k8bouttagobrr-gke",
            "initial_node_count": 1,
            "ip_allocation_policy": [],
            "label_fingerprint": "a9dc16a7",
            "location": "us-west1",
            "logging_config": [
              {
                "enable_components": [
                  "SYSTEM_COMPONENTS",
                  "WORKLOADS"
                ]
              }
            ],
            "logging_service": "logging.googleapis.com/kubernetes",
            "maintenance_policy": [],
            "master_auth": [
              {
                "client_certificate": "",
                "client_certificate_config": [
                  {
                    "issue_client_certificate": false
                  }
                ],
                "client_key": "",
                "cluster_ca_certificate": "LS0tLS1CRUdJTiBDRVJUSUZJQ0FURS0tLS0tCk1JSUVMRENDQXBTZ0F3SUJBZ0lRYXlpWDZlR09XcENCdnk3Zkc0aFFOREFOQmdrcWhraUc5dzBCQVFzRkFEQXYKTVMwd0t3WURWUVFERXlRNE5HVXhNak5tTnkweFlUTTJMVFF6TkRZdE9XVTRaaTFqWWpZeFlUUmxaV0UwTlRBdwpJQmNOTWpRd05ERTJNakl5TWpBeFdoZ1BNakExTkRBME1Ea3lNekl5TURGYU1DOHhMVEFyQmdOVkJBTVRKRGcwClpURXlNMlkzTFRGaE16WXRORE0wTmkwNVpUaG1MV05pTmpGaE5HVmxZVFExTURDQ0FhSXdEUVlKS29aSWh2Y04KQVFFQkJRQURnZ0dQQURDQ0FZb0NnZ0dCQU1XRnNWZlluYUdVUzkxSU9lcHVOODVWN2k0QmZZSWxKNnQyWTZrNwpKQkJYY1JFaUNDRlhWblFGbUlxcEZIZHZTWE9uejNrMUwyemhtbStEVGxLVzk1c043MG1MMHB6QW5kNFdKd2VZCmZscWpOVFVac0hKaGlra1A0M3ZrTFl2K0pJWWJGMUhwVm5HSU9zOGJXMldlNHZWbks2WVcxRG4xL2lkdlQ2d2oKZ2FXWWR5dGVKd3lJRXVacDdaWWViRkxtWlREaG4rWEVzaHI1NFJRcHYrNThFNFdxczlqdmNWM3lVTzNBR2RTUQpQM3lvVHYwUjllSWVNUGt5bVNpRkxJTDA1cHJybDFBeHk3ancxeEdsN2FPYnBvU3ltTFNkUkJocDloTVBLOUVYCjVsNEdoTEluL2sxM3dYREZVRHZDaXhpQXFXdnpGRDZPb0s0dDdiV3JPU2lGYi9uQXUzbVQrM2JqNTdZSVVHbGoKNC9HOERyeFlUT2MzVytUUUxHRkpBMFErQmNTZ0xxVXNkeDJ1K3FYS01pK0wzUUh1QXF1ZXdTaEt5NkxoMHp3VQpEa2xhRG1YRlJlL3ljYmZVdzFFV0wzQmdqcFd2SDVKUjZjS1ZTZVBKVityalR5dGs4dkpEL0drUC8xWU5seTFsCndEemJ0Ylp2R202UzhVeVBFa0RZdnNGc3p3SURBUUFCbzBJd1FEQU9CZ05WSFE4QkFmOEVCQU1DQWdRd0R3WUQKVlIwVEFRSC9CQVV3QXdFQi96QWRCZ05WSFE0RUZnUVV4QzN5cEFKa0twZ2JUclJ3aFE1bEJYbWZVaFV3RFFZSgpLb1pJaHZjTkFRRUxCUUFEZ2dHQkFBQ01OdmtSZmIrUmc1b1RsNk5ZUEpDaHFFZllUbUlsOEU1aGw2ZmlQdHZHCjlyZVBHVTgwSHNBdGFRZG9sd01QNUExL3pMeFh0QzM3MTc3NWVpc3dZMTk5cGhGcE9wMzIwb2ZOTXNvd1hobjgKTzRGSmpqRG0rOVVuWFJGOEdBaHhHWXpycHpLV0tacTVZdDFDU2orWGd6S0VDRmp5akZmSHhwUUpPYmxMRm9LcApUUjQrbjIyVTVGbVZNa2dpdzJTY2pjTlNXSGV4S1cyTTBaNEIzMU9WMHBoK0xOdWNlcVlCUWZMVHBpSkpQdm5VCnpRcHBMOTVNeVpNb0JYWVRZRE5vTnkzMy9vM3dDQmM3OUQrMmtadHpaNHc5SWVMb2w4QjRCdnA1RytoOGFLTWkKODdNZ3VSbmxDV1BSNHIySk5ZbTFpNVFGdzYzb0xXVlpJZGxTejBNRWE4eEFDMS9PMXhHT2J6Mk5YTlhtbU5YOAo1d01mTHJRQmxqQTZzOWNGbzh2TTdRZWZYZ1lHQ2hNZC9IRVFDRjV2Y29aSlRFanQybVhialdGLzFXSG5JZGhOCk1QaUg5S1liZCtNOEZKTzBJSmNLUzRBUkJyc0NMbjQ4cVhxTXZyMVlxNHY4ZzMvYXRVVlRJQldPVTJEYUpjbEwKWHJXOVVJWGhXRWFOVnpaakU1dHRjZz09Ci0tLS0tRU5EIENFUlRJRklDQVRFLS0tLS0K"
              }
            ],
            "master_authorized_networks_config": [],
            "master_version": "1.27.8-gke.1067004",
            "mesh_certificates": [],
            "min_master_version": null,
            "monitoring_config": [
              {
                "enable_components": [
                  "SYSTEM_COMPONENTS"
                ],
                "managed_prometheus": [
                  {
                    "enabled": true
                  }
                ]
              }
            ],
            "monitoring_service": "monitoring.googleapis.com/kubernetes",
            "name": "peteys-k8bouttagobrr-gke",
            "network": "projects/k8bouttagobrr/global/networks/k8bouttagobrr-vpc",
            "network_policy": [
              {
                "enabled": false,
                "provider": "PROVIDER_UNSPECIFIED"
              }
            ],
            "networking_mode": "ROUTES",
            "node_config": [],
            "node_locations": [
              "us-west1-a",
              "us-west1-b",
              "us-west1-c"
            ],
            "node_pool": [],
            "node_pool_defaults": [
              {
                "node_config_defaults": [
                  {
                    "logging_variant": "DEFAULT"
                  }
                ]
              }
            ],
            "node_version": "1.27.8-gke.1067004",
            "notification_config": [
              {
                "pubsub": [
                  {
                    "enabled": false,
                    "filter": [],
                    "topic": ""
                  }
                ]
              }
            ],
            "operation": null,
            "private_cluster_config": [
              {
                "enable_private_endpoint": false,
                "enable_private_nodes": false,
                "master_global_access_config": [
                  {
                    "enabled": false
                  }
                ],
                "master_ipv4_cidr_block": "",
                "peering_name": "",
                "private_endpoint": "10.10.0.2",
                "private_endpoint_subnetwork": "",
                "public_endpoint": "35.247.73.146"
              }
            ],
            "private_ipv6_google_access": "",
            "project": "k8bouttagobrr",
            "release_channel": [
              {
                "channel": "REGULAR"
              }
            ],
            "remove_default_node_pool": true,
            "resource_labels": null,
            "resource_usage_export_config": [],
            "security_posture_config": [
              {
                "mode": "BASIC",
                "vulnerability_mode": "VULNERABILITY_MODE_UNSPECIFIED"
              }
            ],
            "self_link": "https://container.googleapis.com/v1/projects/k8bouttagobrr/locations/us-west1/clusters/peteys-k8bouttagobrr-gke",
            "service_external_ips_config": [
              {
                "enabled": false
              }
            ],
            "services_ipv4_cidr": "10.23.240.0/20",
            "subnetwork": "projects/k8bouttagobrr/regions/us-west1/subnetworks/k8bouttagobrr-subnet",
            "timeouts": null,
            "tpu_ipv4_cidr_block": "",
            "vertical_pod_autoscaling": [],
            "workload_identity_config": []
          },
          "sensitive_attributes": [],
          "private": "eyJlMmJmYjczMC1lY2FhLTExZTYtOGY4OC0zNDM2M2JjN2M0YzAiOnsiY3JlYXRlIjoyNDAwMDAwMDAwMDAwLCJkZWxldGUiOjI0MDAwMDAwMDAwMDAsInJlYWQiOjI0MDAwMDAwMDAwMDAsInVwZGF0ZSI6MzYwMDAwMDAwMDAwMH0sInNjaGVtYV92ZXJzaW9uIjoiMSJ9",
          "dependencies": [
            "google_compute_network.vpc",
            "google_compute_subnetwork.subnet"
          ]
        }
      ]
    },
    {
      "mode": "managed",
      "type": "google_container_node_pool",
      "name": "primary_nodes",
      "provider": "provider[\"registry.terraform.io/hashicorp/google\"]",
      "instances": [
        {
          "schema_version": 1,
          "attributes": {
            "autoscaling": [],
            "cluster": "peteys-k8bouttagobrr-gke",
            "id": "projects/k8bouttagobrr/locations/us-west1/clusters/peteys-k8bouttagobrr-gke/nodePools/peteys-k8bouttagobrr-gke",
            "initial_node_count": 2,
            "instance_group_urls": [
              "https://www.googleapis.com/compute/v1/projects/k8bouttagobrr/zones/us-west1-b/instanceGroupManagers/gke-peteys-k8bouttag-peteys-k8bouttag-4a23a491-grp",
              "https://www.googleapis.com/compute/v1/projects/k8bouttagobrr/zones/us-west1-c/instanceGroupManagers/gke-peteys-k8bouttag-peteys-k8bouttag-7a78b7ab-grp"
            ],
            "location": "us-west1",
            "managed_instance_group_urls": [
              "https://www.googleapis.com/compute/v1/projects/k8bouttagobrr/zones/us-west1-b/instanceGroups/gke-peteys-k8bouttag-peteys-k8bouttag-4a23a491-grp",
              "https://www.googleapis.com/compute/v1/projects/k8bouttagobrr/zones/us-west1-c/instanceGroups/gke-peteys-k8bouttag-peteys-k8bouttag-7a78b7ab-grp"
            ],
            "management": [
              {
                "auto_repair": true,
                "auto_upgrade": true
              }
            ],
            "max_pods_per_node": null,
            "name": "peteys-k8bouttagobrr-gke",
            "name_prefix": "",
            "network_config": [
              {
                "create_pod_range": false,
                "enable_private_nodes": false,
                "pod_cidr_overprovision_config": [],
                "pod_ipv4_cidr_block": "",
                "pod_range": ""
              }
            ],
            "node_config": [
              {
                "advanced_machine_features": [],
                "boot_disk_kms_key": "",
                "disk_size_gb": 100,
                "disk_type": "pd-balanced",
                "ephemeral_storage_local_ssd_config": [],
                "gcfs_config": [],
                "guest_accelerator": [],
                "gvnic": [],
                "image_type": "COS_CONTAINERD",
                "kubelet_config": [],
                "labels": {
                  "env": "k8bouttagobrr"
                },
                "linux_node_config": [],
                "local_nvme_ssd_block_config": [],
                "local_ssd_count": 0,
                "logging_variant": "DEFAULT",
                "machine_type": "e2-micro",
                "metadata": {
                  "disable-legacy-endpoints": "true"
                },
                "min_cpu_platform": "",
                "node_group": "",
                "oauth_scopes": [
                  "https://www.googleapis.com/auth/logging.write",
                  "https://www.googleapis.com/auth/monitoring"
                ],
                "preemptible": true,
                "reservation_affinity": [],
                "resource_labels": null,
                "service_account": "default",
                "shielded_instance_config": [
                  {
                    "enable_integrity_monitoring": true,
                    "enable_secure_boot": false
                  }
                ],
                "sole_tenant_config": [],
                "spot": false,
                "tags": [
                  "gke-node",
                  "k8bouttagobrr-gke"
                ],
                "taint": [],
                "workload_metadata_config": []
              }
            ],
            "node_count": 2,
            "node_locations": [
              "us-west1-b",
              "us-west1-c"
            ],
            "operation": null,
            "placement_policy": [],
            "project": "k8bouttagobrr",
            "timeouts": null,
            "upgrade_settings": [
              {
                "blue_green_settings": [],
                "max_surge": 1,
                "max_unavailable": 0,
                "strategy": "SURGE"
              }
            ],
            "version": "1.27.8-gke.1067004"
          },
          "sensitive_attributes": [],
          "private": "eyJlMmJmYjczMC1lY2FhLTExZTYtOGY4OC0zNDM2M2JjN2M0YzAiOnsiY3JlYXRlIjoxODAwMDAwMDAwMDAwLCJkZWxldGUiOjE4MDAwMDAwMDAwMDAsInVwZGF0ZSI6MTgwMDAwMDAwMDAwMH0sInNjaGVtYV92ZXJzaW9uIjoiMSJ9",
          "dependencies": [
            "data.google_container_engine_versions.gke_version",
            "google_compute_network.vpc",
            "google_compute_subnetwork.subnet",
            "google_container_cluster.primary"
          ]
        }
      ]
    }
  ],
  "check_results": null
}
