{
  "version": 4,
  "terraform_version": "1.7.4",
  "serial": 1,
  "lineage": "b3725489-99dc-74e5-702a-6d7e88f6a2ae",
  "outputs": {},
  "resources": [
    {
      "mode": "managed",
      "type": "google_container_cluster",
      "name": "default",
      "provider": "provider[\"registry.terraform.io/hashicorp/google\"]",
      "instances": [
        {
          "schema_version": 2,
          "attributes": {
            "addons_config": [
              {
                "cloudrun_config": [],
                "config_connector_config": [],
                "dns_cache_config": [],
                "gce_persistent_disk_csi_driver_config": [
                  {
                    "enabled": true
                  }
                ],
                "gcp_filestore_csi_driver_config": [],
                "gcs_fuse_csi_driver_config": [],
                "gke_backup_agent_config": [],
                "horizontal_pod_autoscaling": [],
                "http_load_balancing": [],
                "network_policy_config": [
                  {
                    "disabled": true
                  }
                ],
                "stateful_ha_config": []
              }
            ],
            "allow_net_admin": null,
            "authenticator_groups_config": [],
            "binary_authorization": [
              {
                "enabled": false,
                "evaluation_mode": ""
              }
            ],
            "cluster_autoscaling": [
              {
                "auto_provisioning_defaults": [],
                "autoscaling_profile": "BALANCED",
                "enabled": false,
                "resource_limits": []
              }
            ],
            "cluster_ipv4_cidr": "10.0.0.0/14",
            "confidential_nodes": [],
            "cost_management_config": [],
            "database_encryption": [
              {
                "key_name": "",
                "state": "DECRYPTED"
              }
            ],
            "datapath_provider": "",
            "default_max_pods_per_node": 110,
            "default_snat_status": [
              {
                "disabled": false
              }
            ],
            "deletion_protection": false,
            "description": "",
            "dns_config": [],
            "enable_autopilot": false,
            "enable_cilium_clusterwide_network_policy": false,
            "enable_intranode_visibility": false,
            "enable_k8s_beta_apis": [],
            "enable_kubernetes_alpha": false,
            "enable_l4_ilb_subsetting": false,
            "enable_legacy_abac": false,
            "enable_shielded_nodes": true,
            "enable_tpu": false,
            "endpoint": "34.105.103.148",
            "fleet": [],
            "gateway_api_config": [],
            "id": "projects/graceful-chain-420502/locations/us-west1/clusters/gke-standard-regional-multi-zone",
            "identity_service_config": [],
            "initial_node_count": 2,
            "ip_allocation_policy": [
              {
                "additional_pod_ranges_config": [],
                "cluster_ipv4_cidr_block": "10.0.0.0/14",
                "cluster_secondary_range_name": "gke-gke-standard-regional-multi-zone-pods-185b41c5",
                "pod_cidr_overprovision_config": [
                  {
                    "disabled": false
                  }
                ],
                "services_ipv4_cidr_block": "10.84.224.0/20",
                "services_secondary_range_name": "gke-gke-standard-regional-multi-zone-services-185b41c5",
                "stack_type": "IPV4"
              }
            ],
            "label_fingerprint": "a9dc16a7",
            "location": "us-west1",
            "logging_config": [
              {
                "enable_components": [
                  "SYSTEM_COMPONENTS",
                  "WORKLOADS"
                ]
              }
            ],
            "logging_service": "logging.googleapis.com/kubernetes",
            "maintenance_policy": [],
            "master_auth": [
              {
                "client_certificate": "",
                "client_certificate_config": [
                  {
                    "issue_client_certificate": false
                  }
                ],
                "client_key": "",
                "cluster_ca_certificate": "LS0tLS1CRUdJTiBDRVJUSUZJQ0FURS0tLS0tCk1JSUVMVENDQXBXZ0F3SUJBZ0lSQVBLbXBhcjloVm5PaEMxZFM1QytBTGN3RFFZSktvWklodmNOQVFFTEJRQXcKTHpFdE1Dc0dBMVVFQXhNa01HUTJaR1kwT0RVdE5HUmtaQzAwTVRWa0xUZzNPVGd0TVdWaVltTXlaRGt4TldRMQpNQ0FYRFRJME1EUXhOakl3TURReE1sb1lEekl3TlRRd05EQTVNakV3TkRFeVdqQXZNUzB3S3dZRFZRUURFeVF3ClpEWmtaalE0TlMwMFpHUmtMVFF4TldRdE9EYzVPQzB4WldKaVl6SmtPVEUxWkRVd2dnR2lNQTBHQ1NxR1NJYjMKRFFFQkFRVUFBNElCandBd2dnR0tBb0lCZ1FDYkxxNGwvbUE2eEdLcU1hS1BXckozV0ZxUVl6VW5OYWRrWDZ5UgpWL2c4WEVDUDhWVHNvQ0MxNHAyaitHSkN4MlQwamF1RFpXdlFBY05zcUJNR0ZpTm5yRHRTaXl6c0VGdTdubzRkCjROUkI4UFlpYWZpeWxiK0ZaYnIwUmZKVVp0c2hnQTN1QUZza3c4WjRzbVdJSFpMSzd3S2w3dlc3Zm0rSkRlcncKbEZuRHVtNEpYUWhvQVRaUFZrT3RVOFdyWjdsTm9VeGl4ZGhHT2R0ZmtteGo5dlFJcVlscDVlZzJPQjloTEV6WAo5bzNBbWQvTEtXNWhZMDhWRzV6NDFKeW9yazdSMEtpMC9qT2RWUFAzaHA1cmczbHNUMHBkZ3VoRVFDTEt5ZWdsCjJEaFlHR0dxWEZhV2N3NXk0dnZublZhcEZIN0pzaDNCNHNVQURJb1hRaEoxUVZIUjBQcXN6NExIR1k0Wk1JaGsKOWhMbGdHNXVtT0JrSnFhM0ozaGo3aU1vb1hQcUxoSm5LY2h1VWdOQ0pKQ3I3SEpLdHBYN2JjUS81UUkrdjd5cgpnOVlvODdrZTVmTFA1c21RWVEraCtCbnVZVlROZmFWMWp5UWpxMm9VWGNwQkZCRjRqKzNKTXFzaDZyS3BjNkZSCkFjR0NwTlIyd0hJR01nTHlqLzJlTlFLQk1xOENBd0VBQWFOQ01FQXdEZ1lEVlIwUEFRSC9CQVFEQWdJRU1BOEcKQTFVZEV3RUIvd1FGTUFNQkFmOHdIUVlEVlIwT0JCWUVGUHk5elMrTnJ6N2VHS1Bielk3Um9hUEt2WEpOTUEwRwpDU3FHU0liM0RRRUJDd1VBQTRJQmdRQVhtQjg4bk5yeEMzbjZ1K3dYalhpVCtKQmRXSktGTG1tanNVRFlIZE1wCmNDekd0YlpuR1o1L0J3b3pJanFyYk9hSGFSSFdTUkJ6dVdtQ2hEbnlVUkF6WG5ab1dsYXNDL1NXSmo1andDL1IKNDdXWFNjakpxRkFSdUJORHdTcHBUL0JEeVpYWkRhaE5zZ29jbnE0d0ZXbmlXSUJRdHIwU2ZBRkphVXV3dTluNwpWTU9EQXF0QWxsS25xdU5BZFp1QUZUOUMrM09qU1AzS3FqOTAwcVdPVFhhRm5MR0VpTmorendvRW5jSGN4NW40CmxpaG5uenVEWmdyODZoUTQydUJWTXlveVBoYkhwSXA3ZzBpcElrcVNnNlk1bTZ6bTVwRUZJUUhBTm1RVEw3eVgKaC9FbkxpQzFPNGFrY0xseWt1VVY3REVxZzRQdVhwSjFoM2lJUk5ldHR3NS9kWExkT3lJUVhud0M5OWJvek9HeApCK0Y3VzkwTmNMUkdUVWJhMDMrNzlhWng2QjlYQTFrS090Q2I3cTdvWXc3Sk0xN2pYRXJIc0pWTys3aEJmTmtGCkxmempHbDB0RXlsZC9vTEJUcTdhMmpjaDR3R1FRVzJZSzRxYXo2aFhnYWlZSHFXY25CWCtBRzVOODBpU3dlZkcKSWVPSTYxRmdsaytYazFtMXhWTXNyYmM9Ci0tLS0tRU5EIENFUlRJRklDQVRFLS0tLS0K"
              }
            ],
            "master_authorized_networks_config": [],
            "master_version": "1.27.8-gke.1067004",
            "mesh_certificates": [],
            "min_master_version": null,
            "monitoring_config": [
              {
                "advanced_datapath_observability_config": [
                  {
                    "enable_metrics": false,
                    "enable_relay": false,
                    "relay_mode": "DISABLED"
                  }
                ],
                "enable_components": [
                  "SYSTEM_COMPONENTS"
                ],
                "managed_prometheus": [
                  {
                    "enabled": true
                  }
                ]
              }
            ],
            "monitoring_service": "monitoring.googleapis.com/kubernetes",
            "name": "gke-standard-regional-multi-zone",
            "network": "projects/graceful-chain-420502/global/networks/default",
            "network_policy": [
              {
                "enabled": false,
                "provider": "PROVIDER_UNSPECIFIED"
              }
            ],
            "networking_mode": "VPC_NATIVE",
            "node_config": [
              {
                "advanced_machine_features": [],
                "boot_disk_kms_key": "",
                "confidential_nodes": [],
                "disk_size_gb": 100,
                "disk_type": "pd-balanced",
                "effective_taints": [],
                "enable_confidential_storage": false,
                "ephemeral_storage_local_ssd_config": [],
                "fast_socket": [],
                "gcfs_config": [],
                "guest_accelerator": [],
                "gvnic": [],
                "host_maintenance_policy": [],
                "image_type": "COS_CONTAINERD",
                "kubelet_config": [],
                "labels": {},
                "linux_node_config": [],
                "local_nvme_ssd_block_config": [],
                "local_ssd_count": 0,
                "logging_variant": "DEFAULT",
                "machine_type": "e2-medium",
                "metadata": {
                  "disable-legacy-endpoints": "true"
                },
                "min_cpu_platform": "",
                "node_group": "",
                "oauth_scopes": [
                  "https://www.googleapis.com/auth/devstorage.read_only",
                  "https://www.googleapis.com/auth/logging.write",
                  "https://www.googleapis.com/auth/monitoring",
                  "https://www.googleapis.com/auth/service.management.readonly",
                  "https://www.googleapis.com/auth/servicecontrol",
                  "https://www.googleapis.com/auth/trace.append"
                ],
                "preemptible": false,
                "reservation_affinity": [],
                "resource_labels": {},
                "resource_manager_tags": {},
                "service_account": "default",
                "shielded_instance_config": [
                  {
                    "enable_integrity_monitoring": true,
                    "enable_secure_boot": false
                  }
                ],
                "sole_tenant_config": [],
                "spot": false,
                "tags": [],
                "taint": [],
                "workload_metadata_config": []
              }
            ],
            "node_locations": [
              "us-west1-b",
              "us-west1-c"
            ],
            "node_pool": [
              {
                "autoscaling": [],
                "initial_node_count": 2,
                "instance_group_urls": [
                  "https://www.googleapis.com/compute/v1/projects/graceful-chain-420502/zones/us-west1-b/instanceGroupManagers/gke-gke-standard-regiona-default-pool-5d822403-grp",
                  "https://www.googleapis.com/compute/v1/projects/graceful-chain-420502/zones/us-west1-c/instanceGroupManagers/gke-gke-standard-regiona-default-pool-eac64fa8-grp"
                ],
                "managed_instance_group_urls": [
                  "https://www.googleapis.com/compute/v1/projects/graceful-chain-420502/zones/us-west1-b/instanceGroups/gke-gke-standard-regiona-default-pool-5d822403-grp",
                  "https://www.googleapis.com/compute/v1/projects/graceful-chain-420502/zones/us-west1-c/instanceGroups/gke-gke-standard-regiona-default-pool-eac64fa8-grp"
                ],
                "management": [
                  {
                    "auto_repair": true,
                    "auto_upgrade": true
                  }
                ],
                "max_pods_per_node": 110,
                "name": "default-pool",
                "name_prefix": "",
                "network_config": [
                  {
                    "create_pod_range": false,
                    "enable_private_nodes": false,
                    "network_performance_config": [],
                    "pod_cidr_overprovision_config": [],
                    "pod_ipv4_cidr_block": "10.0.0.0/14",
                    "pod_range": "gke-gke-standard-regional-multi-zone-pods-185b41c5"
                  }
                ],
                "node_config": [
                  {
                    "advanced_machine_features": [],
                    "boot_disk_kms_key": "",
                    "confidential_nodes": [],
                    "disk_size_gb": 100,
                    "disk_type": "pd-balanced",
                    "effective_taints": [],
                    "enable_confidential_storage": false,
                    "ephemeral_storage_local_ssd_config": [],
                    "fast_socket": [],
                    "gcfs_config": [],
                    "guest_accelerator": [],
                    "gvnic": [],
                    "host_maintenance_policy": [],
                    "image_type": "COS_CONTAINERD",
                    "kubelet_config": [],
                    "labels": {},
                    "linux_node_config": [],
                    "local_nvme_ssd_block_config": [],
                    "local_ssd_count": 0,
                    "logging_variant": "DEFAULT",
                    "machine_type": "e2-medium",
                    "metadata": {
                      "disable-legacy-endpoints": "true"
                    },
                    "min_cpu_platform": "",
                    "node_group": "",
                    "oauth_scopes": [
                      "https://www.googleapis.com/auth/devstorage.read_only",
                      "https://www.googleapis.com/auth/logging.write",
                      "https://www.googleapis.com/auth/monitoring",
                      "https://www.googleapis.com/auth/service.management.readonly",
                      "https://www.googleapis.com/auth/servicecontrol",
                      "https://www.googleapis.com/auth/trace.append"
                    ],
                    "preemptible": false,
                    "reservation_affinity": [],
                    "resource_labels": {},
                    "resource_manager_tags": {},
                    "service_account": "default",
                    "shielded_instance_config": [
                      {
                        "enable_integrity_monitoring": true,
                        "enable_secure_boot": false
                      }
                    ],
                    "sole_tenant_config": [],
                    "spot": false,
                    "tags": [],
                    "taint": [],
                    "workload_metadata_config": []
                  }
                ],
                "node_count": 2,
                "node_locations": [
                  "us-west1-b",
                  "us-west1-c"
                ],
                "placement_policy": [],
                "queued_provisioning": [],
                "upgrade_settings": [
                  {
                    "blue_green_settings": [],
                    "max_surge": 1,
                    "max_unavailable": 0,
                    "strategy": "SURGE"
                  }
                ],
                "version": "1.27.8-gke.1067004"
              }
            ],
            "node_pool_auto_config": [],
            "node_pool_defaults": [
              {
                "node_config_defaults": [
                  {
                    "logging_variant": "DEFAULT"
                  }
                ]
              }
            ],
            "node_version": "1.27.8-gke.1067004",
            "notification_config": [
              {
                "pubsub": [
                  {
                    "enabled": false,
                    "filter": [],
                    "topic": ""
                  }
                ]
              }
            ],
            "operation": null,
            "private_cluster_config": [
              {
                "enable_private_endpoint": false,
                "enable_private_nodes": false,
                "master_global_access_config": [
                  {
                    "enabled": false
                  }
                ],
                "master_ipv4_cidr_block": "",
                "peering_name": "",
                "private_endpoint": "10.138.0.2",
                "private_endpoint_subnetwork": "",
                "public_endpoint": "34.105.103.148"
              }
            ],
            "private_ipv6_google_access": "",
            "project": "graceful-chain-420502",
            "release_channel": [
              {
                "channel": "REGULAR"
              }
            ],
            "remove_default_node_pool": null,
            "resource_labels": null,
            "resource_usage_export_config": [],
            "security_posture_config": [
              {
                "mode": "BASIC",
                "vulnerability_mode": "VULNERABILITY_MODE_UNSPECIFIED"
              }
            ],
            "self_link": "https://container.googleapis.com/v1/projects/graceful-chain-420502/locations/us-west1/clusters/gke-standard-regional-multi-zone",
            "service_external_ips_config": [
              {
                "enabled": false
              }
            ],
            "services_ipv4_cidr": "10.84.224.0/20",
            "subnetwork": "projects/graceful-chain-420502/regions/us-west1/subnetworks/default",
            "timeouts": null,
            "tpu_ipv4_cidr_block": "",
            "vertical_pod_autoscaling": [],
            "workload_identity_config": []
          },
          "sensitive_attributes": [],
          "private": "eyJlMmJmYjczMC1lY2FhLTExZTYtOGY4OC0zNDM2M2JjN2M0YzAiOnsiY3JlYXRlIjoyNDAwMDAwMDAwMDAwLCJkZWxldGUiOjI0MDAwMDAwMDAwMDAsInJlYWQiOjI0MDAwMDAwMDAwMDAsInVwZGF0ZSI6MzYwMDAwMDAwMDAwMH0sInNjaGVtYV92ZXJzaW9uIjoiMiJ9"
        }
      ]
    }
  ],
  "check_results": null
}
